
Microsoft Visual Studio Solution File, Format Version 12.00
# Visual Studio Version 17
VisualStudioVersion = 17.6.33712.159
MinimumVisualStudioVersion = 10.0.40219.1
Project("{FAE04EC0-301F-11D3-BF4B-00C04F79EFBC}") = "Gifter", "Gifter\Gifter.csproj", "{D649ABE0-4014-4E12-9734-A7002627C540}"
EndProject
Global
	GlobalSection(SolutionConfigurationPlatforms) = preSolution
		Debug|Any CPU = Debug|Any CPU
		Release|Any CPU = Release|Any CPU
	EndGlobalSection
	GlobalSection(ProjectConfigurationPlatforms) = postSolution
		{D649ABE0-4014-4E12-9734-A7002627C540}.Debug|Any CPU.ActiveCfg = Debug|Any CPU
		{D649ABE0-4014-4E12-9734-A7002627C540}.Debug|Any CPU.Build.0 = Debug|Any CPU
		{D649ABE0-4014-4E12-9734-A7002627C540}.Release|Any CPU.ActiveCfg = Release|Any CPU
		{D649ABE0-4014-4E12-9734-A7002627C540}.Release|Any CPU.Build.0 = Release|Any CPU
	EndGlobalSection
	GlobalSection(SolutionProperties) = preSolution
		HideSolutionNode = FALSE
	EndGlobalSection
	GlobalSection(ExtensibilityGlobals) = postSolution
		SolutionGuid = {2A75FD98-2414-48EE-83EB-60046CCB8334}
	EndGlobalSection
EndGlobal
